// !$*UTF8*$!
{
	archiveVersion = 1;
	classes = {
	};
	objectVersion = 50;
	objects = {

/* Begin PBXBuildFile section */
		2D0B5D6831B3FBC31D8DFB51 /* Pods_JoinTests.framework in Frameworks */ = {isa = PBXBuildFile; fileRef = 1CE6A0307C5FDC4C58D49C6A /* Pods_JoinTests.framework */; };
		30FA05AE552917C1BE04B8AD /* Pods_Join_JoinUITests.framework in Frameworks */ = {isa = PBXBuildFile; fileRef = B4F4E2B608B0C7B1822F48A9 /* Pods_Join_JoinUITests.framework */; };
		4B39325F76BA4020A9720A2E /* Pods_Join.framework in Frameworks */ = {isa = PBXBuildFile; fileRef = 8C0832E1203D4019E551ED52 /* Pods_Join.framework */; };
		CE13AED9252E3F18009F02B2 /* ThemesViewController.swift in Sources */ = {isa = PBXBuildFile; fileRef = CE13AED8252E3F18009F02B2 /* ThemesViewController.swift */; };
		CE13AEE3252E4056009F02B2 /* ChatThemeView.xib in Resources */ = {isa = PBXBuildFile; fileRef = CE13AEE2252E4056009F02B2 /* ChatThemeView.xib */; };
		CE23C195252E6B7600C264B8 /* ChatThemeView.swift in Sources */ = {isa = PBXBuildFile; fileRef = CE23C194252E6B7600C264B8 /* ChatThemeView.swift */; };
		CE2872802523F2C2004FC310 /* ConversationsListViewController.swift in Sources */ = {isa = PBXBuildFile; fileRef = CE28727F2523F2C2004FC310 /* ConversationsListViewController.swift */; };
		CE28728825240111004FC310 /* ChatCell.swift in Sources */ = {isa = PBXBuildFile; fileRef = CE28728725240111004FC310 /* ChatCell.swift */; };
		CE287295252402A6004FC310 /* ChatCell.xib in Resources */ = {isa = PBXBuildFile; fileRef = CE287294252402A6004FC310 /* ChatCell.xib */; };
		CE32A51825364D3800662713 /* ProfileService.swift in Sources */ = {isa = PBXBuildFile; fileRef = CE32A51725364D3800662713 /* ProfileService.swift */; };
		CE32A51D25364D7E00662713 /* ProfileData.swift in Sources */ = {isa = PBXBuildFile; fileRef = CE32A51C25364D7E00662713 /* ProfileData.swift */; };
		CE4F830A252FD247009FA48D /* ThemeService.swift in Sources */ = {isa = PBXBuildFile; fileRef = CE4F8309252FD247009FA48D /* ThemeService.swift */; };
		CE4F83122530EB50009FA48D /* UserDefaults.swift in Sources */ = {isa = PBXBuildFile; fileRef = CE4F83112530EB50009FA48D /* UserDefaults.swift */; };
		CE5E9F09252E7C7B00AF61BE /* ThemeModel.swift in Sources */ = {isa = PBXBuildFile; fileRef = CE5E9F08252E7C7B00AF61BE /* ThemeModel.swift */; };
		CE6724C925390CE4007EC71B /* GCDDataManager.swift in Sources */ = {isa = PBXBuildFile; fileRef = CE6724C825390CE4007EC71B /* GCDDataManager.swift */; };
		CE6724CE25390D01007EC71B /* OperationDataManager.swift in Sources */ = {isa = PBXBuildFile; fileRef = CE6724CD25390D01007EC71B /* OperationDataManager.swift */; };
		CE83FF30252422A2002E7892 /* UIView.swift in Sources */ = {isa = PBXBuildFile; fileRef = CE83FF2F252422A2002E7892 /* UIView.swift */; };
		CE83FF3825242311002E7892 /* NSObject+Extensions.swift in Sources */ = {isa = PBXBuildFile; fileRef = CE83FF3725242311002E7892 /* NSObject+Extensions.swift */; };
		CE83FF3D25242435002E7892 /* UserData.swift in Sources */ = {isa = PBXBuildFile; fileRef = CE83FF3C25242435002E7892 /* UserData.swift */; };
		CE83FF4625265EBC002E7892 /* UIColor.swift in Sources */ = {isa = PBXBuildFile; fileRef = CE83FF4525265EBB002E7892 /* UIColor.swift */; };
		CE83FF4B252662CE002E7892 /* ConversationViewController.swift in Sources */ = {isa = PBXBuildFile; fileRef = CE83FF4A252662CE002E7892 /* ConversationViewController.swift */; };
		CE83FF52252663D6002E7892 /* IncomingMessageCell.swift in Sources */ = {isa = PBXBuildFile; fileRef = CE83FF51252663D6002E7892 /* IncomingMessageCell.swift */; };
		CE83FF57252663E0002E7892 /* IncomingMessageCell.xib in Resources */ = {isa = PBXBuildFile; fileRef = CE83FF56252663E0002E7892 /* IncomingMessageCell.xib */; };
		CE83FF5C25266406002E7892 /* MessageCellModel.swift in Sources */ = {isa = PBXBuildFile; fileRef = CE83FF5B25266406002E7892 /* MessageCellModel.swift */; };
		CE83FF64252667AF002E7892 /* OutgoingMessageCell.swift in Sources */ = {isa = PBXBuildFile; fileRef = CE83FF63252667AF002E7892 /* OutgoingMessageCell.swift */; };
		CE83FF69252667B9002E7892 /* OutgoingMessageCell.xib in Resources */ = {isa = PBXBuildFile; fileRef = CE83FF68252667B9002E7892 /* OutgoingMessageCell.xib */; };
		CE83FF6F252695DB002E7892 /* Configurable.swift in Sources */ = {isa = PBXBuildFile; fileRef = CE83FF6E252695DB002E7892 /* Configurable.swift */; };
		CE8EC80A2518166400925741 /* AppDelegate.swift in Sources */ = {isa = PBXBuildFile; fileRef = CE8EC8092518166400925741 /* AppDelegate.swift */; };
		CE8EC80C2518166400925741 /* SceneDelegate.swift in Sources */ = {isa = PBXBuildFile; fileRef = CE8EC80B2518166400925741 /* SceneDelegate.swift */; };
		CE8EC80E2518166400925741 /* ProfileViewController.swift in Sources */ = {isa = PBXBuildFile; fileRef = CE8EC80D2518166400925741 /* ProfileViewController.swift */; };
		CE8EC8112518166400925741 /* Main.storyboard in Resources */ = {isa = PBXBuildFile; fileRef = CE8EC80F2518166400925741 /* Main.storyboard */; };
		CE8EC8132518166700925741 /* Assets.xcassets in Resources */ = {isa = PBXBuildFile; fileRef = CE8EC8122518166700925741 /* Assets.xcassets */; };
		CE8EC8162518166700925741 /* LaunchScreen.storyboard in Resources */ = {isa = PBXBuildFile; fileRef = CE8EC8142518166700925741 /* LaunchScreen.storyboard */; };
		CE8EC8212518166800925741 /* JoinTests.swift in Sources */ = {isa = PBXBuildFile; fileRef = CE8EC8202518166800925741 /* JoinTests.swift */; };
		CE8EC82C2518166800925741 /* JoinUITests.swift in Sources */ = {isa = PBXBuildFile; fileRef = CE8EC82B2518166800925741 /* JoinUITests.swift */; };
		CEAB3EC42523E47700B4739F /* AvatarView.swift in Sources */ = {isa = PBXBuildFile; fileRef = CEAB3EC32523E47700B4739F /* AvatarView.swift */; };
		CEAB3EC92523E4B500B4739F /* AvatarView.xib in Resources */ = {isa = PBXBuildFile; fileRef = CEAB3EC82523E4B500B4739F /* AvatarView.xib */; };
		CEC4675C2547863700904458 /* GoogleService-Info-2.plist in Resources */ = {isa = PBXBuildFile; fileRef = CEC4675B2547863700904458 /* GoogleService-Info-2.plist */; };
/* End PBXBuildFile section */

/* Begin PBXContainerItemProxy section */
		CE8EC81D2518166800925741 /* PBXContainerItemProxy */ = {
			isa = PBXContainerItemProxy;
			containerPortal = CE8EC7FE2518166400925741 /* Project object */;
			proxyType = 1;
			remoteGlobalIDString = CE8EC8052518166400925741;
			remoteInfo = Join;
		};
		CE8EC8282518166800925741 /* PBXContainerItemProxy */ = {
			isa = PBXContainerItemProxy;
			containerPortal = CE8EC7FE2518166400925741 /* Project object */;
			proxyType = 1;
			remoteGlobalIDString = CE8EC8052518166400925741;
			remoteInfo = Join;
		};
/* End PBXContainerItemProxy section */

/* Begin PBXFileReference section */
		1CE6A0307C5FDC4C58D49C6A /* Pods_JoinTests.framework */ = {isa = PBXFileReference; explicitFileType = wrapper.framework; includeInIndex = 0; path = Pods_JoinTests.framework; sourceTree = BUILT_PRODUCTS_DIR; };
		2E1FAF61B3F925D82CBFE6D9 /* Pods-Join.debug.xcconfig */ = {isa = PBXFileReference; includeInIndex = 1; lastKnownFileType = text.xcconfig; name = "Pods-Join.debug.xcconfig"; path = "Target Support Files/Pods-Join/Pods-Join.debug.xcconfig"; sourceTree = "<group>"; };
		385A3139B06072466B43682D /* Pods-Join-JoinUITests.debug.xcconfig */ = {isa = PBXFileReference; includeInIndex = 1; lastKnownFileType = text.xcconfig; name = "Pods-Join-JoinUITests.debug.xcconfig"; path = "Target Support Files/Pods-Join-JoinUITests/Pods-Join-JoinUITests.debug.xcconfig"; sourceTree = "<group>"; };
		8C0832E1203D4019E551ED52 /* Pods_Join.framework */ = {isa = PBXFileReference; explicitFileType = wrapper.framework; includeInIndex = 0; path = Pods_Join.framework; sourceTree = BUILT_PRODUCTS_DIR; };
		9F68936D0A47063704F7FC1E /* Pods-JoinTests.debug.xcconfig */ = {isa = PBXFileReference; includeInIndex = 1; lastKnownFileType = text.xcconfig; name = "Pods-JoinTests.debug.xcconfig"; path = "Target Support Files/Pods-JoinTests/Pods-JoinTests.debug.xcconfig"; sourceTree = "<group>"; };
		B4F4E2B608B0C7B1822F48A9 /* Pods_Join_JoinUITests.framework */ = {isa = PBXFileReference; explicitFileType = wrapper.framework; includeInIndex = 0; path = Pods_Join_JoinUITests.framework; sourceTree = BUILT_PRODUCTS_DIR; };
		C0590747B0A575CAE5B24DD5 /* Pods-Join.release.xcconfig */ = {isa = PBXFileReference; includeInIndex = 1; lastKnownFileType = text.xcconfig; name = "Pods-Join.release.xcconfig"; path = "Target Support Files/Pods-Join/Pods-Join.release.xcconfig"; sourceTree = "<group>"; };
		CC82366AE9653363C6050E0C /* Pods-JoinTests.release.xcconfig */ = {isa = PBXFileReference; includeInIndex = 1; lastKnownFileType = text.xcconfig; name = "Pods-JoinTests.release.xcconfig"; path = "Target Support Files/Pods-JoinTests/Pods-JoinTests.release.xcconfig"; sourceTree = "<group>"; };
		CE13AED8252E3F18009F02B2 /* ThemesViewController.swift */ = {isa = PBXFileReference; lastKnownFileType = sourcecode.swift; path = ThemesViewController.swift; sourceTree = "<group>"; };
		CE13AEE2252E4056009F02B2 /* ChatThemeView.xib */ = {isa = PBXFileReference; lastKnownFileType = file.xib; path = ChatThemeView.xib; sourceTree = "<group>"; };
		CE23C194252E6B7600C264B8 /* ChatThemeView.swift */ = {isa = PBXFileReference; lastKnownFileType = sourcecode.swift; path = ChatThemeView.swift; sourceTree = "<group>"; };
		CE28727F2523F2C2004FC310 /* ConversationsListViewController.swift */ = {isa = PBXFileReference; lastKnownFileType = sourcecode.swift; path = ConversationsListViewController.swift; sourceTree = "<group>"; };
		CE28728725240111004FC310 /* ChatCell.swift */ = {isa = PBXFileReference; lastKnownFileType = sourcecode.swift; path = ChatCell.swift; sourceTree = "<group>"; };
		CE287294252402A6004FC310 /* ChatCell.xib */ = {isa = PBXFileReference; lastKnownFileType = file.xib; path = ChatCell.xib; sourceTree = "<group>"; };
		CE32A51725364D3800662713 /* ProfileService.swift */ = {isa = PBXFileReference; lastKnownFileType = sourcecode.swift; path = ProfileService.swift; sourceTree = "<group>"; };
		CE32A51C25364D7E00662713 /* ProfileData.swift */ = {isa = PBXFileReference; lastKnownFileType = sourcecode.swift; path = ProfileData.swift; sourceTree = "<group>"; };
		CE4F8309252FD247009FA48D /* ThemeService.swift */ = {isa = PBXFileReference; lastKnownFileType = sourcecode.swift; path = ThemeService.swift; sourceTree = "<group>"; };
		CE4F83112530EB50009FA48D /* UserDefaults.swift */ = {isa = PBXFileReference; lastKnownFileType = sourcecode.swift; path = UserDefaults.swift; sourceTree = "<group>"; };
		CE5E9F08252E7C7B00AF61BE /* ThemeModel.swift */ = {isa = PBXFileReference; lastKnownFileType = sourcecode.swift; path = ThemeModel.swift; sourceTree = "<group>"; };
		CE6724C825390CE4007EC71B /* GCDDataManager.swift */ = {isa = PBXFileReference; lastKnownFileType = sourcecode.swift; path = GCDDataManager.swift; sourceTree = "<group>"; };
		CE6724CD25390D01007EC71B /* OperationDataManager.swift */ = {isa = PBXFileReference; lastKnownFileType = sourcecode.swift; path = OperationDataManager.swift; sourceTree = "<group>"; };
		CE83FF2F252422A2002E7892 /* UIView.swift */ = {isa = PBXFileReference; fileEncoding = 4; lastKnownFileType = sourcecode.swift; path = UIView.swift; sourceTree = "<group>"; };
		CE83FF3725242311002E7892 /* NSObject+Extensions.swift */ = {isa = PBXFileReference; lastKnownFileType = sourcecode.swift; path = "NSObject+Extensions.swift"; sourceTree = "<group>"; };
		CE83FF3C25242435002E7892 /* UserData.swift */ = {isa = PBXFileReference; lastKnownFileType = sourcecode.swift; path = UserData.swift; sourceTree = "<group>"; };
		CE83FF4525265EBB002E7892 /* UIColor.swift */ = {isa = PBXFileReference; lastKnownFileType = sourcecode.swift; path = UIColor.swift; sourceTree = "<group>"; };
		CE83FF4A252662CE002E7892 /* ConversationViewController.swift */ = {isa = PBXFileReference; lastKnownFileType = sourcecode.swift; path = ConversationViewController.swift; sourceTree = "<group>"; };
		CE83FF51252663D6002E7892 /* IncomingMessageCell.swift */ = {isa = PBXFileReference; lastKnownFileType = sourcecode.swift; path = IncomingMessageCell.swift; sourceTree = "<group>"; };
		CE83FF56252663E0002E7892 /* IncomingMessageCell.xib */ = {isa = PBXFileReference; lastKnownFileType = file.xib; path = IncomingMessageCell.xib; sourceTree = "<group>"; };
		CE83FF5B25266406002E7892 /* MessageCellModel.swift */ = {isa = PBXFileReference; lastKnownFileType = sourcecode.swift; path = MessageCellModel.swift; sourceTree = "<group>"; };
		CE83FF63252667AF002E7892 /* OutgoingMessageCell.swift */ = {isa = PBXFileReference; lastKnownFileType = sourcecode.swift; path = OutgoingMessageCell.swift; sourceTree = "<group>"; };
		CE83FF68252667B9002E7892 /* OutgoingMessageCell.xib */ = {isa = PBXFileReference; lastKnownFileType = file.xib; path = OutgoingMessageCell.xib; sourceTree = "<group>"; };
		CE83FF6E252695DB002E7892 /* Configurable.swift */ = {isa = PBXFileReference; lastKnownFileType = sourcecode.swift; path = Configurable.swift; sourceTree = "<group>"; };
		CE8EC8062518166400925741 /* Join.app */ = {isa = PBXFileReference; explicitFileType = wrapper.application; includeInIndex = 0; path = Join.app; sourceTree = BUILT_PRODUCTS_DIR; };
		CE8EC8092518166400925741 /* AppDelegate.swift */ = {isa = PBXFileReference; lastKnownFileType = sourcecode.swift; path = AppDelegate.swift; sourceTree = "<group>"; };
		CE8EC80B2518166400925741 /* SceneDelegate.swift */ = {isa = PBXFileReference; lastKnownFileType = sourcecode.swift; path = SceneDelegate.swift; sourceTree = "<group>"; };
		CE8EC80D2518166400925741 /* ProfileViewController.swift */ = {isa = PBXFileReference; lastKnownFileType = sourcecode.swift; path = ProfileViewController.swift; sourceTree = "<group>"; };
		CE8EC8102518166400925741 /* Base */ = {isa = PBXFileReference; lastKnownFileType = file.storyboard; name = Base; path = Base.lproj/Main.storyboard; sourceTree = "<group>"; };
		CE8EC8122518166700925741 /* Assets.xcassets */ = {isa = PBXFileReference; lastKnownFileType = folder.assetcatalog; path = Assets.xcassets; sourceTree = "<group>"; };
		CE8EC8152518166700925741 /* Base */ = {isa = PBXFileReference; lastKnownFileType = file.storyboard; name = Base; path = Base.lproj/LaunchScreen.storyboard; sourceTree = "<group>"; };
		CE8EC8172518166700925741 /* Info.plist */ = {isa = PBXFileReference; lastKnownFileType = text.plist.xml; path = Info.plist; sourceTree = "<group>"; };
		CE8EC81C2518166800925741 /* JoinTests.xctest */ = {isa = PBXFileReference; explicitFileType = wrapper.cfbundle; includeInIndex = 0; path = JoinTests.xctest; sourceTree = BUILT_PRODUCTS_DIR; };
		CE8EC8202518166800925741 /* JoinTests.swift */ = {isa = PBXFileReference; lastKnownFileType = sourcecode.swift; path = JoinTests.swift; sourceTree = "<group>"; };
		CE8EC8222518166800925741 /* Info.plist */ = {isa = PBXFileReference; lastKnownFileType = text.plist.xml; path = Info.plist; sourceTree = "<group>"; };
		CE8EC8272518166800925741 /* JoinUITests.xctest */ = {isa = PBXFileReference; explicitFileType = wrapper.cfbundle; includeInIndex = 0; path = JoinUITests.xctest; sourceTree = BUILT_PRODUCTS_DIR; };
		CE8EC82B2518166800925741 /* JoinUITests.swift */ = {isa = PBXFileReference; lastKnownFileType = sourcecode.swift; path = JoinUITests.swift; sourceTree = "<group>"; };
		CE8EC82D2518166800925741 /* Info.plist */ = {isa = PBXFileReference; lastKnownFileType = text.plist.xml; path = Info.plist; sourceTree = "<group>"; };
		CEAB3EC32523E47700B4739F /* AvatarView.swift */ = {isa = PBXFileReference; lastKnownFileType = sourcecode.swift; path = AvatarView.swift; sourceTree = "<group>"; };
		CEAB3EC82523E4B500B4739F /* AvatarView.xib */ = {isa = PBXFileReference; lastKnownFileType = file.xib; path = AvatarView.xib; sourceTree = "<group>"; };
		CEC4675B2547863700904458 /* GoogleService-Info-2.plist */ = {isa = PBXFileReference; fileEncoding = 4; lastKnownFileType = text.plist.xml; path = "GoogleService-Info-2.plist"; sourceTree = "<group>"; };
		E447C03B668A88E159939D55 /* Pods-Join-JoinUITests.release.xcconfig */ = {isa = PBXFileReference; includeInIndex = 1; lastKnownFileType = text.xcconfig; name = "Pods-Join-JoinUITests.release.xcconfig"; path = "Target Support Files/Pods-Join-JoinUITests/Pods-Join-JoinUITests.release.xcconfig"; sourceTree = "<group>"; };
/* End PBXFileReference section */

/* Begin PBXFrameworksBuildPhase section */
		CE8EC8032518166400925741 /* Frameworks */ = {
			isa = PBXFrameworksBuildPhase;
			buildActionMask = 2147483647;
			files = (
				4B39325F76BA4020A9720A2E /* Pods_Join.framework in Frameworks */,
			);
			runOnlyForDeploymentPostprocessing = 0;
		};
		CE8EC8192518166800925741 /* Frameworks */ = {
			isa = PBXFrameworksBuildPhase;
			buildActionMask = 2147483647;
			files = (
				2D0B5D6831B3FBC31D8DFB51 /* Pods_JoinTests.framework in Frameworks */,
			);
			runOnlyForDeploymentPostprocessing = 0;
		};
		CE8EC8242518166800925741 /* Frameworks */ = {
			isa = PBXFrameworksBuildPhase;
			buildActionMask = 2147483647;
			files = (
				30FA05AE552917C1BE04B8AD /* Pods_Join_JoinUITests.framework in Frameworks */,
			);
			runOnlyForDeploymentPostprocessing = 0;
		};
/* End PBXFrameworksBuildPhase section */

/* Begin PBXGroup section */
		362CEC5A03068751E89C6888 /* Frameworks */ = {
			isa = PBXGroup;
			children = (
				8C0832E1203D4019E551ED52 /* Pods_Join.framework */,
				B4F4E2B608B0C7B1822F48A9 /* Pods_Join_JoinUITests.framework */,
				1CE6A0307C5FDC4C58D49C6A /* Pods_JoinTests.framework */,
			);
			name = Frameworks;
			sourceTree = "<group>";
		};
		7EA90F567B70DE552839EF5B /* Pods */ = {
			isa = PBXGroup;
			children = (
				2E1FAF61B3F925D82CBFE6D9 /* Pods-Join.debug.xcconfig */,
				C0590747B0A575CAE5B24DD5 /* Pods-Join.release.xcconfig */,
				385A3139B06072466B43682D /* Pods-Join-JoinUITests.debug.xcconfig */,
				E447C03B668A88E159939D55 /* Pods-Join-JoinUITests.release.xcconfig */,
				9F68936D0A47063704F7FC1E /* Pods-JoinTests.debug.xcconfig */,
				CC82366AE9653363C6050E0C /* Pods-JoinTests.release.xcconfig */,
			);
			name = Pods;
			path = Pods;
			sourceTree = "<group>";
		};
		CE13AEE7252E405D009F02B2 /* ChatThemeView */ = {
			isa = PBXGroup;
			children = (
				CE23C194252E6B7600C264B8 /* ChatThemeView.swift */,
				CE13AEE2252E4056009F02B2 /* ChatThemeView.xib */,
			);
			path = ChatThemeView;
			sourceTree = "<group>";
		};
		CE83FF412524243A002E7892 /* Model */ = {
			isa = PBXGroup;
			children = (
				CE83FF3C25242435002E7892 /* UserData.swift */,
				CE32A51C25364D7E00662713 /* ProfileData.swift */,
				CE5E9F08252E7C7B00AF61BE /* ThemeModel.swift */,
				CE83FF5B25266406002E7892 /* MessageCellModel.swift */,
			);
			path = Model;
			sourceTree = "<group>";
		};
		CE83FF4F2526630B002E7892 /* ChatCell */ = {
			isa = PBXGroup;
			children = (
				CE28728725240111004FC310 /* ChatCell.swift */,
				CE287294252402A6004FC310 /* ChatCell.xib */,
			);
			path = ChatCell;
			sourceTree = "<group>";
		};
		CE83FF50252663AE002E7892 /* Message */ = {
			isa = PBXGroup;
			children = (
				CE83FF51252663D6002E7892 /* IncomingMessageCell.swift */,
				CE83FF56252663E0002E7892 /* IncomingMessageCell.xib */,
				CE83FF63252667AF002E7892 /* OutgoingMessageCell.swift */,
				CE83FF68252667B9002E7892 /* OutgoingMessageCell.xib */,
			);
			path = Message;
			sourceTree = "<group>";
		};
		CE8EC7FD2518166400925741 = {
			isa = PBXGroup;
			children = (
				CE8EC8082518166400925741 /* Join */,
				CE8EC81F2518166800925741 /* JoinTests */,
				CE8EC82A2518166800925741 /* JoinUITests */,
				CE8EC8072518166400925741 /* Products */,
				7EA90F567B70DE552839EF5B /* Pods */,
				362CEC5A03068751E89C6888 /* Frameworks */,
			);
			sourceTree = "<group>";
		};
		CE8EC8072518166400925741 /* Products */ = {
			isa = PBXGroup;
			children = (
				CE8EC8062518166400925741 /* Join.app */,
				CE8EC81C2518166800925741 /* JoinTests.xctest */,
				CE8EC8272518166800925741 /* JoinUITests.xctest */,
			);
			name = Products;
			sourceTree = "<group>";
		};
		CE8EC8082518166400925741 /* Join */ = {
			isa = PBXGroup;
			children = (
				CE8EC8092518166400925741 /* AppDelegate.swift */,
				CE8EC80B2518166400925741 /* SceneDelegate.swift */,
				CEC6A90A25311A3400E08B97 /* ProfileView */,
				CEC6A90925311A0C00E08B97 /* ConversationView */,
				CEC6A908253119C000E08B97 /* ConversationListView */,
				CEC6A9062531197D00E08B97 /* Service */,
				CEC6A9052531194C00E08B97 /* ThemesView */,
				CE83FF412524243A002E7892 /* Model */,
				CEAB3ECE2523ECEC00B4739F /* Extensions */,
				CE8EC80F2518166400925741 /* Main.storyboard */,
				CE8EC8122518166700925741 /* Assets.xcassets */,
				CE8EC8142518166700925741 /* LaunchScreen.storyboard */,
				CE8EC8172518166700925741 /* Info.plist */,
				CEC4675B2547863700904458 /* GoogleService-Info-2.plist */,
			);
			path = Join;
			sourceTree = "<group>";
		};
		CE8EC81F2518166800925741 /* JoinTests */ = {
			isa = PBXGroup;
			children = (
				CE8EC8202518166800925741 /* JoinTests.swift */,
				CE8EC8222518166800925741 /* Info.plist */,
			);
			path = JoinTests;
			sourceTree = "<group>";
		};
		CE8EC82A2518166800925741 /* JoinUITests */ = {
			isa = PBXGroup;
			children = (
				CE8EC82B2518166800925741 /* JoinUITests.swift */,
				CE8EC82D2518166800925741 /* Info.plist */,
			);
			path = JoinUITests;
			sourceTree = "<group>";
		};
		CEAB3ECD2523ECD700B4739F /* AvatarView */ = {
			isa = PBXGroup;
			children = (
				CEAB3EC32523E47700B4739F /* AvatarView.swift */,
				CEAB3EC82523E4B500B4739F /* AvatarView.xib */,
			);
			path = AvatarView;
			sourceTree = "<group>";
		};
		CEAB3ECE2523ECEC00B4739F /* Extensions */ = {
			isa = PBXGroup;
			children = (
				CE83FF2F252422A2002E7892 /* UIView.swift */,
				CE4F83112530EB50009FA48D /* UserDefaults.swift */,
				CE83FF4525265EBB002E7892 /* UIColor.swift */,
				CE83FF3725242311002E7892 /* NSObject+Extensions.swift */,
			);
			path = Extensions;
			sourceTree = "<group>";
		};
		CEC6A9052531194C00E08B97 /* ThemesView */ = {
			isa = PBXGroup;
			children = (
				CE13AED8252E3F18009F02B2 /* ThemesViewController.swift */,
				CE13AEE7252E405D009F02B2 /* ChatThemeView */,
			);
			path = ThemesView;
			sourceTree = "<group>";
		};
		CEC6A9062531197D00E08B97 /* Service */ = {
			isa = PBXGroup;
			children = (
				CE83FF6E252695DB002E7892 /* Configurable.swift */,
				CE6724C825390CE4007EC71B /* GCDDataManager.swift */,
				CE6724CD25390D01007EC71B /* OperationDataManager.swift */,
				CE4F8309252FD247009FA48D /* ThemeService.swift */,
				CE32A51725364D3800662713 /* ProfileService.swift */,
			);
			path = Service;
			sourceTree = "<group>";
		};
		CEC6A908253119C000E08B97 /* ConversationListView */ = {
			isa = PBXGroup;
			children = (
				CE28727F2523F2C2004FC310 /* ConversationsListViewController.swift */,
				CE83FF4F2526630B002E7892 /* ChatCell */,
			);
			path = ConversationListView;
			sourceTree = "<group>";
		};
		CEC6A90925311A0C00E08B97 /* ConversationView */ = {
			isa = PBXGroup;
			children = (
				CE83FF4A252662CE002E7892 /* ConversationViewController.swift */,
				CE83FF50252663AE002E7892 /* Message */,
			);
			path = ConversationView;
			sourceTree = "<group>";
		};
		CEC6A90A25311A3400E08B97 /* ProfileView */ = {
			isa = PBXGroup;
			children = (
				CE8EC80D2518166400925741 /* ProfileViewController.swift */,
				CEAB3ECD2523ECD700B4739F /* AvatarView */,
			);
			path = ProfileView;
			sourceTree = "<group>";
		};
/* End PBXGroup section */

/* Begin PBXNativeTarget section */
		CE8EC8052518166400925741 /* Join */ = {
			isa = PBXNativeTarget;
			buildConfigurationList = CE8EC8302518166800925741 /* Build configuration list for PBXNativeTarget "Join" */;
			buildPhases = (
				88BD905281D68712EC39EFBB /* [CP] Check Pods Manifest.lock */,
				CE8EC8022518166400925741 /* Sources */,
				CE8EC8032518166400925741 /* Frameworks */,
				CE8EC8042518166400925741 /* Resources */,
				17578F85E89985F7EA781FDC /* [CP] Embed Pods Frameworks */,
			);
			buildRules = (
			);
			dependencies = (
			);
			name = Join;
			productName = Join;
			productReference = CE8EC8062518166400925741 /* Join.app */;
			productType = "com.apple.product-type.application";
		};
		CE8EC81B2518166800925741 /* JoinTests */ = {
			isa = PBXNativeTarget;
			buildConfigurationList = CE8EC8332518166800925741 /* Build configuration list for PBXNativeTarget "JoinTests" */;
			buildPhases = (
				DCAC5D52B7F435125E2A0639 /* [CP] Check Pods Manifest.lock */,
				CE8EC8182518166800925741 /* Sources */,
				CE8EC8192518166800925741 /* Frameworks */,
				CE8EC81A2518166800925741 /* Resources */,
			);
			buildRules = (
			);
			dependencies = (
				CE8EC81E2518166800925741 /* PBXTargetDependency */,
			);
			name = JoinTests;
			productName = JoinTests;
			productReference = CE8EC81C2518166800925741 /* JoinTests.xctest */;
			productType = "com.apple.product-type.bundle.unit-test";
		};
		CE8EC8262518166800925741 /* JoinUITests */ = {
			isa = PBXNativeTarget;
			buildConfigurationList = CE8EC8362518166800925741 /* Build configuration list for PBXNativeTarget "JoinUITests" */;
			buildPhases = (
				11155457B79BA2A034EBEA4D /* [CP] Check Pods Manifest.lock */,
				CE8EC8232518166800925741 /* Sources */,
				CE8EC8242518166800925741 /* Frameworks */,
				CE8EC8252518166800925741 /* Resources */,
				B0E4590BF0E23D1B2790F1CD /* [CP] Embed Pods Frameworks */,
			);
			buildRules = (
			);
			dependencies = (
				CE8EC8292518166800925741 /* PBXTargetDependency */,
			);
			name = JoinUITests;
			productName = JoinUITests;
			productReference = CE8EC8272518166800925741 /* JoinUITests.xctest */;
			productType = "com.apple.product-type.bundle.ui-testing";
		};
/* End PBXNativeTarget section */

/* Begin PBXProject section */
		CE8EC7FE2518166400925741 /* Project object */ = {
			isa = PBXProject;
			attributes = {
				LastSwiftUpdateCheck = 1200;
				LastUpgradeCheck = 1200;
				TargetAttributes = {
					CE8EC8052518166400925741 = {
						CreatedOnToolsVersion = 12.0;
					};
					CE8EC81B2518166800925741 = {
						CreatedOnToolsVersion = 12.0;
						TestTargetID = CE8EC8052518166400925741;
					};
					CE8EC8262518166800925741 = {
						CreatedOnToolsVersion = 12.0;
						TestTargetID = CE8EC8052518166400925741;
					};
				};
			};
			buildConfigurationList = CE8EC8012518166400925741 /* Build configuration list for PBXProject "Join" */;
			compatibilityVersion = "Xcode 9.3";
			developmentRegion = en;
			hasScannedForEncodings = 0;
			knownRegions = (
				en,
				Base,
			);
			mainGroup = CE8EC7FD2518166400925741;
			productRefGroup = CE8EC8072518166400925741 /* Products */;
			projectDirPath = "";
			projectRoot = "";
			targets = (
				CE8EC8052518166400925741 /* Join */,
				CE8EC81B2518166800925741 /* JoinTests */,
				CE8EC8262518166800925741 /* JoinUITests */,
			);
		};
/* End PBXProject section */

/* Begin PBXResourcesBuildPhase section */
		CE8EC8042518166400925741 /* Resources */ = {
			isa = PBXResourcesBuildPhase;
			buildActionMask = 2147483647;
			files = (
				CE8EC8162518166700925741 /* LaunchScreen.storyboard in Resources */,
				CE83FF69252667B9002E7892 /* OutgoingMessageCell.xib in Resources */,
				CE83FF57252663E0002E7892 /* IncomingMessageCell.xib in Resources */,
				CE287295252402A6004FC310 /* ChatCell.xib in Resources */,
				CE13AEE3252E4056009F02B2 /* ChatThemeView.xib in Resources */,
				CEC4675C2547863700904458 /* GoogleService-Info-2.plist in Resources */,
				CEAB3EC92523E4B500B4739F /* AvatarView.xib in Resources */,
				CE8EC8132518166700925741 /* Assets.xcassets in Resources */,
				CE8EC8112518166400925741 /* Main.storyboard in Resources */,
			);
			runOnlyForDeploymentPostprocessing = 0;
		};
		CE8EC81A2518166800925741 /* Resources */ = {
			isa = PBXResourcesBuildPhase;
			buildActionMask = 2147483647;
			files = (
			);
			runOnlyForDeploymentPostprocessing = 0;
		};
		CE8EC8252518166800925741 /* Resources */ = {
			isa = PBXResourcesBuildPhase;
			buildActionMask = 2147483647;
			files = (
			);
			runOnlyForDeploymentPostprocessing = 0;
		};
/* End PBXResourcesBuildPhase section */

/* Begin PBXShellScriptBuildPhase section */
		11155457B79BA2A034EBEA4D /* [CP] Check Pods Manifest.lock */ = {
			isa = PBXShellScriptBuildPhase;
			buildActionMask = 2147483647;
			files = (
			);
			inputFileListPaths = (
			);
			inputPaths = (
				"${PODS_PODFILE_DIR_PATH}/Podfile.lock",
				"${PODS_ROOT}/Manifest.lock",
			);
			name = "[CP] Check Pods Manifest.lock";
			outputFileListPaths = (
			);
			outputPaths = (
				"$(DERIVED_FILE_DIR)/Pods-Join-JoinUITests-checkManifestLockResult.txt",
			);
			runOnlyForDeploymentPostprocessing = 0;
			shellPath = /bin/sh;
			shellScript = "diff \"${PODS_PODFILE_DIR_PATH}/Podfile.lock\" \"${PODS_ROOT}/Manifest.lock\" > /dev/null\nif [ $? != 0 ] ; then\n    # print error to STDERR\n    echo \"error: The sandbox is not in sync with the Podfile.lock. Run 'pod install' or update your CocoaPods installation.\" >&2\n    exit 1\nfi\n# This output is used by Xcode 'outputs' to avoid re-running this script phase.\necho \"SUCCESS\" > \"${SCRIPT_OUTPUT_FILE_0}\"\n";
			showEnvVarsInLog = 0;
		};
		17578F85E89985F7EA781FDC /* [CP] Embed Pods Frameworks */ = {
			isa = PBXShellScriptBuildPhase;
			buildActionMask = 2147483647;
			files = (
			);
			inputFileListPaths = (
				"${PODS_ROOT}/Target Support Files/Pods-Join/Pods-Join-frameworks-${CONFIGURATION}-input-files.xcfilelist",
			);
			name = "[CP] Embed Pods Frameworks";
			outputFileListPaths = (
				"${PODS_ROOT}/Target Support Files/Pods-Join/Pods-Join-frameworks-${CONFIGURATION}-output-files.xcfilelist",
			);
			runOnlyForDeploymentPostprocessing = 0;
			shellPath = /bin/sh;
			shellScript = "\"${PODS_ROOT}/Target Support Files/Pods-Join/Pods-Join-frameworks.sh\"\n";
			showEnvVarsInLog = 0;
		};
		88BD905281D68712EC39EFBB /* [CP] Check Pods Manifest.lock */ = {
			isa = PBXShellScriptBuildPhase;
			buildActionMask = 2147483647;
			files = (
			);
			inputFileListPaths = (
			);
			inputPaths = (
				"${PODS_PODFILE_DIR_PATH}/Podfile.lock",
				"${PODS_ROOT}/Manifest.lock",
			);
			name = "[CP] Check Pods Manifest.lock";
			outputFileListPaths = (
			);
			outputPaths = (
				"$(DERIVED_FILE_DIR)/Pods-Join-checkManifestLockResult.txt",
			);
			runOnlyForDeploymentPostprocessing = 0;
			shellPath = /bin/sh;
			shellScript = "diff \"${PODS_PODFILE_DIR_PATH}/Podfile.lock\" \"${PODS_ROOT}/Manifest.lock\" > /dev/null\nif [ $? != 0 ] ; then\n    # print error to STDERR\n    echo \"error: The sandbox is not in sync with the Podfile.lock. Run 'pod install' or update your CocoaPods installation.\" >&2\n    exit 1\nfi\n# This output is used by Xcode 'outputs' to avoid re-running this script phase.\necho \"SUCCESS\" > \"${SCRIPT_OUTPUT_FILE_0}\"\n";
			showEnvVarsInLog = 0;
		};
		B0E4590BF0E23D1B2790F1CD /* [CP] Embed Pods Frameworks */ = {
			isa = PBXShellScriptBuildPhase;
			buildActionMask = 2147483647;
			files = (
			);
			inputFileListPaths = (
				"${PODS_ROOT}/Target Support Files/Pods-Join-JoinUITests/Pods-Join-JoinUITests-frameworks-${CONFIGURATION}-input-files.xcfilelist",
			);
			name = "[CP] Embed Pods Frameworks";
			outputFileListPaths = (
				"${PODS_ROOT}/Target Support Files/Pods-Join-JoinUITests/Pods-Join-JoinUITests-frameworks-${CONFIGURATION}-output-files.xcfilelist",
			);
			runOnlyForDeploymentPostprocessing = 0;
			shellPath = /bin/sh;
			shellScript = "\"${PODS_ROOT}/Target Support Files/Pods-Join-JoinUITests/Pods-Join-JoinUITests-frameworks.sh\"\n";
			showEnvVarsInLog = 0;
		};
		DCAC5D52B7F435125E2A0639 /* [CP] Check Pods Manifest.lock */ = {
			isa = PBXShellScriptBuildPhase;
			buildActionMask = 2147483647;
			files = (
			);
			inputFileListPaths = (
			);
			inputPaths = (
				"${PODS_PODFILE_DIR_PATH}/Podfile.lock",
				"${PODS_ROOT}/Manifest.lock",
			);
			name = "[CP] Check Pods Manifest.lock";
			outputFileListPaths = (
			);
			outputPaths = (
				"$(DERIVED_FILE_DIR)/Pods-JoinTests-checkManifestLockResult.txt",
			);
			runOnlyForDeploymentPostprocessing = 0;
			shellPath = /bin/sh;
			shellScript = "diff \"${PODS_PODFILE_DIR_PATH}/Podfile.lock\" \"${PODS_ROOT}/Manifest.lock\" > /dev/null\nif [ $? != 0 ] ; then\n    # print error to STDERR\n    echo \"error: The sandbox is not in sync with the Podfile.lock. Run 'pod install' or update your CocoaPods installation.\" >&2\n    exit 1\nfi\n# This output is used by Xcode 'outputs' to avoid re-running this script phase.\necho \"SUCCESS\" > \"${SCRIPT_OUTPUT_FILE_0}\"\n";
			showEnvVarsInLog = 0;
		};
/* End PBXShellScriptBuildPhase section */

/* Begin PBXSourcesBuildPhase section */
		CE8EC8022518166400925741 /* Sources */ = {
			isa = PBXSourcesBuildPhase;
			buildActionMask = 2147483647;
			files = (
				CE6724C925390CE4007EC71B /* GCDDataManager.swift in Sources */,
				CE83FF6F252695DB002E7892 /* Configurable.swift in Sources */,
				CE83FF30252422A2002E7892 /* UIView.swift in Sources */,
				CE8EC80E2518166400925741 /* ProfileViewController.swift in Sources */,
				CE32A51D25364D7E00662713 /* ProfileData.swift in Sources */,
				CE2872802523F2C2004FC310 /* ConversationsListViewController.swift in Sources */,
				CE4F830A252FD247009FA48D /* ThemeService.swift in Sources */,
				CE83FF3D25242435002E7892 /* UserData.swift in Sources */,
				CE8EC80A2518166400925741 /* AppDelegate.swift in Sources */,
				CE83FF64252667AF002E7892 /* OutgoingMessageCell.swift in Sources */,
				CE83FF52252663D6002E7892 /* IncomingMessageCell.swift in Sources */,
				CE6724CE25390D01007EC71B /* OperationDataManager.swift in Sources */,
				CE23C195252E6B7600C264B8 /* ChatThemeView.swift in Sources */,
				CEAB3EC42523E47700B4739F /* AvatarView.swift in Sources */,
				CE8EC80C2518166400925741 /* SceneDelegate.swift in Sources */,
				CE13AED9252E3F18009F02B2 /* ThemesViewController.swift in Sources */,
				CE28728825240111004FC310 /* ChatCell.swift in Sources */,
				CE83FF5C25266406002E7892 /* MessageCellModel.swift in Sources */,
				CE83FF3825242311002E7892 /* NSObject+Extensions.swift in Sources */,
				CE4F83122530EB50009FA48D /* UserDefaults.swift in Sources */,
				CE5E9F09252E7C7B00AF61BE /* ThemeModel.swift in Sources */,
				CE83FF4B252662CE002E7892 /* ConversationViewController.swift in Sources */,
				CE83FF4625265EBC002E7892 /* UIColor.swift in Sources */,
				CE32A51825364D3800662713 /* ProfileService.swift in Sources */,
			);
			runOnlyForDeploymentPostprocessing = 0;
		};
		CE8EC8182518166800925741 /* Sources */ = {
			isa = PBXSourcesBuildPhase;
			buildActionMask = 2147483647;
			files = (
				CE8EC8212518166800925741 /* JoinTests.swift in Sources */,
			);
			runOnlyForDeploymentPostprocessing = 0;
		};
		CE8EC8232518166800925741 /* Sources */ = {
			isa = PBXSourcesBuildPhase;
			buildActionMask = 2147483647;
			files = (
				CE8EC82C2518166800925741 /* JoinUITests.swift in Sources */,
			);
			runOnlyForDeploymentPostprocessing = 0;
		};
/* End PBXSourcesBuildPhase section */

/* Begin PBXTargetDependency section */
		CE8EC81E2518166800925741 /* PBXTargetDependency */ = {
			isa = PBXTargetDependency;
			target = CE8EC8052518166400925741 /* Join */;
			targetProxy = CE8EC81D2518166800925741 /* PBXContainerItemProxy */;
		};
		CE8EC8292518166800925741 /* PBXTargetDependency */ = {
			isa = PBXTargetDependency;
			target = CE8EC8052518166400925741 /* Join */;
			targetProxy = CE8EC8282518166800925741 /* PBXContainerItemProxy */;
		};
/* End PBXTargetDependency section */

/* Begin PBXVariantGroup section */
		CE8EC80F2518166400925741 /* Main.storyboard */ = {
			isa = PBXVariantGroup;
			children = (
				CE8EC8102518166400925741 /* Base */,
			);
			name = Main.storyboard;
			sourceTree = "<group>";
		};
		CE8EC8142518166700925741 /* LaunchScreen.storyboard */ = {
			isa = PBXVariantGroup;
			children = (
				CE8EC8152518166700925741 /* Base */,
			);
			name = LaunchScreen.storyboard;
			sourceTree = "<group>";
		};
/* End PBXVariantGroup section */

/* Begin XCBuildConfiguration section */
		CE8EC82E2518166800925741 /* Debug */ = {
			isa = XCBuildConfiguration;
			buildSettings = {
				ALWAYS_SEARCH_USER_PATHS = NO;
				CLANG_ANALYZER_NONNULL = YES;
				CLANG_ANALYZER_NUMBER_OBJECT_CONVERSION = YES_AGGRESSIVE;
				CLANG_CXX_LANGUAGE_STANDARD = "gnu++14";
				CLANG_CXX_LIBRARY = "libc++";
				CLANG_ENABLE_MODULES = YES;
				CLANG_ENABLE_OBJC_ARC = YES;
				CLANG_ENABLE_OBJC_WEAK = YES;
				CLANG_WARN_BLOCK_CAPTURE_AUTORELEASING = YES;
				CLANG_WARN_BOOL_CONVERSION = YES;
				CLANG_WARN_COMMA = YES;
				CLANG_WARN_CONSTANT_CONVERSION = YES;
				CLANG_WARN_DEPRECATED_OBJC_IMPLEMENTATIONS = YES;
				CLANG_WARN_DIRECT_OBJC_ISA_USAGE = YES_ERROR;
				CLANG_WARN_DOCUMENTATION_COMMENTS = YES;
				CLANG_WARN_EMPTY_BODY = YES;
				CLANG_WARN_ENUM_CONVERSION = YES;
				CLANG_WARN_INFINITE_RECURSION = YES;
				CLANG_WARN_INT_CONVERSION = YES;
				CLANG_WARN_NON_LITERAL_NULL_CONVERSION = YES;
				CLANG_WARN_OBJC_IMPLICIT_RETAIN_SELF = YES;
				CLANG_WARN_OBJC_LITERAL_CONVERSION = YES;
				CLANG_WARN_OBJC_ROOT_CLASS = YES_ERROR;
				CLANG_WARN_QUOTED_INCLUDE_IN_FRAMEWORK_HEADER = YES;
				CLANG_WARN_RANGE_LOOP_ANALYSIS = YES;
				CLANG_WARN_STRICT_PROTOTYPES = YES;
				CLANG_WARN_SUSPICIOUS_MOVE = YES;
				CLANG_WARN_UNGUARDED_AVAILABILITY = YES_AGGRESSIVE;
				CLANG_WARN_UNREACHABLE_CODE = YES;
				CLANG_WARN__DUPLICATE_METHOD_MATCH = YES;
				COPY_PHASE_STRIP = NO;
				DEBUG_INFORMATION_FORMAT = dwarf;
				ENABLE_STRICT_OBJC_MSGSEND = YES;
				ENABLE_TESTABILITY = YES;
				GCC_C_LANGUAGE_STANDARD = gnu11;
				GCC_DYNAMIC_NO_PIC = NO;
				GCC_NO_COMMON_BLOCKS = YES;
				GCC_OPTIMIZATION_LEVEL = 0;
				GCC_PREPROCESSOR_DEFINITIONS = (
					"DEBUG=1",
					"$(inherited)",
				);
				GCC_WARN_64_TO_32_BIT_CONVERSION = YES;
				GCC_WARN_ABOUT_RETURN_TYPE = YES_ERROR;
				GCC_WARN_UNDECLARED_SELECTOR = YES;
				GCC_WARN_UNINITIALIZED_AUTOS = YES_AGGRESSIVE;
				GCC_WARN_UNUSED_FUNCTION = YES;
				GCC_WARN_UNUSED_VARIABLE = YES;
				IPHONEOS_DEPLOYMENT_TARGET = 13.0;
				MTL_ENABLE_DEBUG_INFO = INCLUDE_SOURCE;
				MTL_FAST_MATH = YES;
				ONLY_ACTIVE_ARCH = YES;
				SDKROOT = iphoneos;
				SWIFT_ACTIVE_COMPILATION_CONDITIONS = DEBUG;
				SWIFT_OPTIMIZATION_LEVEL = "-Onone";
			};
			name = Debug;
		};
		CE8EC82F2518166800925741 /* Release */ = {
			isa = XCBuildConfiguration;
			buildSettings = {
				ALWAYS_SEARCH_USER_PATHS = NO;
				CLANG_ANALYZER_NONNULL = YES;
				CLANG_ANALYZER_NUMBER_OBJECT_CONVERSION = YES_AGGRESSIVE;
				CLANG_CXX_LANGUAGE_STANDARD = "gnu++14";
				CLANG_CXX_LIBRARY = "libc++";
				CLANG_ENABLE_MODULES = YES;
				CLANG_ENABLE_OBJC_ARC = YES;
				CLANG_ENABLE_OBJC_WEAK = YES;
				CLANG_WARN_BLOCK_CAPTURE_AUTORELEASING = YES;
				CLANG_WARN_BOOL_CONVERSION = YES;
				CLANG_WARN_COMMA = YES;
				CLANG_WARN_CONSTANT_CONVERSION = YES;
				CLANG_WARN_DEPRECATED_OBJC_IMPLEMENTATIONS = YES;
				CLANG_WARN_DIRECT_OBJC_ISA_USAGE = YES_ERROR;
				CLANG_WARN_DOCUMENTATION_COMMENTS = YES;
				CLANG_WARN_EMPTY_BODY = YES;
				CLANG_WARN_ENUM_CONVERSION = YES;
				CLANG_WARN_INFINITE_RECURSION = YES;
				CLANG_WARN_INT_CONVERSION = YES;
				CLANG_WARN_NON_LITERAL_NULL_CONVERSION = YES;
				CLANG_WARN_OBJC_IMPLICIT_RETAIN_SELF = YES;
				CLANG_WARN_OBJC_LITERAL_CONVERSION = YES;
				CLANG_WARN_OBJC_ROOT_CLASS = YES_ERROR;
				CLANG_WARN_QUOTED_INCLUDE_IN_FRAMEWORK_HEADER = YES;
				CLANG_WARN_RANGE_LOOP_ANALYSIS = YES;
				CLANG_WARN_STRICT_PROTOTYPES = YES;
				CLANG_WARN_SUSPICIOUS_MOVE = YES;
				CLANG_WARN_UNGUARDED_AVAILABILITY = YES_AGGRESSIVE;
				CLANG_WARN_UNREACHABLE_CODE = YES;
				CLANG_WARN__DUPLICATE_METHOD_MATCH = YES;
				COPY_PHASE_STRIP = NO;
				DEBUG_INFORMATION_FORMAT = "dwarf-with-dsym";
				ENABLE_NS_ASSERTIONS = NO;
				ENABLE_STRICT_OBJC_MSGSEND = YES;
				GCC_C_LANGUAGE_STANDARD = gnu11;
				GCC_NO_COMMON_BLOCKS = YES;
				GCC_WARN_64_TO_32_BIT_CONVERSION = YES;
				GCC_WARN_ABOUT_RETURN_TYPE = YES_ERROR;
				GCC_WARN_UNDECLARED_SELECTOR = YES;
				GCC_WARN_UNINITIALIZED_AUTOS = YES_AGGRESSIVE;
				GCC_WARN_UNUSED_FUNCTION = YES;
				GCC_WARN_UNUSED_VARIABLE = YES;
				IPHONEOS_DEPLOYMENT_TARGET = 13.0;
				MTL_ENABLE_DEBUG_INFO = NO;
				MTL_FAST_MATH = YES;
				SDKROOT = iphoneos;
				SWIFT_COMPILATION_MODE = wholemodule;
				SWIFT_OPTIMIZATION_LEVEL = "-O";
				VALIDATE_PRODUCT = YES;
			};
			name = Release;
		};
		CE8EC8312518166800925741 /* Debug */ = {
			isa = XCBuildConfiguration;
			baseConfigurationReference = 2E1FAF61B3F925D82CBFE6D9 /* Pods-Join.debug.xcconfig */;
			buildSettings = {
				ASSETCATALOG_COMPILER_APPICON_NAME = AppIcon;
				ASSETCATALOG_COMPILER_GLOBAL_ACCENT_COLOR_NAME = AccentColor;
				CODE_SIGN_STYLE = Automatic;
				DEVELOPMENT_TEAM = EBA589ECLL;
				INFOPLIST_FILE = Join/Info.plist;
				LD_RUNPATH_SEARCH_PATHS = (
					"$(inherited)",
					"@executable_path/Frameworks",
				);
				PRODUCT_BUNDLE_IDENTIFIER = ru.tinkoff.TinkoffChat;
				PRODUCT_NAME = "$(TARGET_NAME)";
				SWIFT_VERSION = 5.0;
				TARGETED_DEVICE_FAMILY = "1,2";
			};
			name = Debug;
		};
		CE8EC8322518166800925741 /* Release */ = {
			isa = XCBuildConfiguration;
			baseConfigurationReference = C0590747B0A575CAE5B24DD5 /* Pods-Join.release.xcconfig */;
			buildSettings = {
				ASSETCATALOG_COMPILER_APPICON_NAME = AppIcon;
				ASSETCATALOG_COMPILER_GLOBAL_ACCENT_COLOR_NAME = AccentColor;
				CODE_SIGN_STYLE = Automatic;
				DEVELOPMENT_TEAM = EBA589ECLL;
				INFOPLIST_FILE = Join/Info.plist;
				LD_RUNPATH_SEARCH_PATHS = (
					"$(inherited)",
					"@executable_path/Frameworks",
				);
				PRODUCT_BUNDLE_IDENTIFIER = ru.tinkoff.TinkoffChat;
				PRODUCT_NAME = "$(TARGET_NAME)";
				SWIFT_VERSION = 5.0;
				TARGETED_DEVICE_FAMILY = "1,2";
			};
			name = Release;
		};
		CE8EC8342518166800925741 /* Debug */ = {
			isa = XCBuildConfiguration;
			baseConfigurationReference = 9F68936D0A47063704F7FC1E /* Pods-JoinTests.debug.xcconfig */;
			buildSettings = {
				ALWAYS_EMBED_SWIFT_STANDARD_LIBRARIES = YES;
				BUNDLE_LOADER = "$(TEST_HOST)";
				CODE_SIGN_STYLE = Automatic;
				INFOPLIST_FILE = JoinTests/Info.plist;
				IPHONEOS_DEPLOYMENT_TARGET = 14.0;
				LD_RUNPATH_SEARCH_PATHS = (
					"$(inherited)",
					"@executable_path/Frameworks",
					"@loader_path/Frameworks",
				);
				PRODUCT_BUNDLE_IDENTIFIER = TA.JoinTests;
				PRODUCT_NAME = "$(TARGET_NAME)";
				SWIFT_VERSION = 5.0;
				TARGETED_DEVICE_FAMILY = "1,2";
				TEST_HOST = "$(BUILT_PRODUCTS_DIR)/Join.app/Join";
			};
			name = Debug;
		};
		CE8EC8352518166800925741 /* Release */ = {
			isa = XCBuildConfiguration;
			baseConfigurationReference = CC82366AE9653363C6050E0C /* Pods-JoinTests.release.xcconfig */;
			buildSettings = {
				ALWAYS_EMBED_SWIFT_STANDARD_LIBRARIES = YES;
				BUNDLE_LOADER = "$(TEST_HOST)";
				CODE_SIGN_STYLE = Automatic;
				INFOPLIST_FILE = JoinTests/Info.plist;
				IPHONEOS_DEPLOYMENT_TARGET = 14.0;
				LD_RUNPATH_SEARCH_PATHS = (
					"$(inherited)",
					"@executable_path/Frameworks",
					"@loader_path/Frameworks",
				);
				PRODUCT_BUNDLE_IDENTIFIER = TA.JoinTests;
				PRODUCT_NAME = "$(TARGET_NAME)";
				SWIFT_VERSION = 5.0;
				TARGETED_DEVICE_FAMILY = "1,2";
				TEST_HOST = "$(BUILT_PRODUCTS_DIR)/Join.app/Join";
			};
			name = Release;
		};
		CE8EC8372518166800925741 /* Debug */ = {
			isa = XCBuildConfiguration;
			baseConfigurationReference = 385A3139B06072466B43682D /* Pods-Join-JoinUITests.debug.xcconfig */;
			buildSettings = {
				ALWAYS_EMBED_SWIFT_STANDARD_LIBRARIES = YES;
				CODE_SIGN_STYLE = Automatic;
				INFOPLIST_FILE = JoinUITests/Info.plist;
				LD_RUNPATH_SEARCH_PATHS = (
					"$(inherited)",
					"@executable_path/Frameworks",
					"@loader_path/Frameworks",
				);
				PRODUCT_BUNDLE_IDENTIFIER = TA.JoinUITests;
				PRODUCT_NAME = "$(TARGET_NAME)";
				SWIFT_VERSION = 5.0;
				TARGETED_DEVICE_FAMILY = "1,2";
				TEST_TARGET_NAME = Join;
			};
			name = Debug;
		};
		CE8EC8382518166800925741 /* Release */ = {
			isa = XCBuildConfiguration;
			baseConfigurationReference = E447C03B668A88E159939D55 /* Pods-Join-JoinUITests.release.xcconfig */;
			buildSettings = {
				ALWAYS_EMBED_SWIFT_STANDARD_LIBRARIES = YES;
				CODE_SIGN_STYLE = Automatic;
				INFOPLIST_FILE = JoinUITests/Info.plist;
				LD_RUNPATH_SEARCH_PATHS = (
					"$(inherited)",
					"@executable_path/Frameworks",
					"@loader_path/Frameworks",
				);
				PRODUCT_BUNDLE_IDENTIFIER = TA.JoinUITests;
				PRODUCT_NAME = "$(TARGET_NAME)";
				SWIFT_VERSION = 5.0;
				TARGETED_DEVICE_FAMILY = "1,2";
				TEST_TARGET_NAME = Join;
			};
			name = Release;
		};
/* End XCBuildConfiguration section */

/* Begin XCConfigurationList section */
		CE8EC8012518166400925741 /* Build configuration list for PBXProject "Join" */ = {
			isa = XCConfigurationList;
			buildConfigurations = (
				CE8EC82E2518166800925741 /* Debug */,
				CE8EC82F2518166800925741 /* Release */,
			);
			defaultConfigurationIsVisible = 0;
			defaultConfigurationName = Release;
		};
		CE8EC8302518166800925741 /* Build configuration list for PBXNativeTarget "Join" */ = {
			isa = XCConfigurationList;
			buildConfigurations = (
				CE8EC8312518166800925741 /* Debug */,
				CE8EC8322518166800925741 /* Release */,
			);
			defaultConfigurationIsVisible = 0;
			defaultConfigurationName = Release;
		};
		CE8EC8332518166800925741 /* Build configuration list for PBXNativeTarget "JoinTests" */ = {
			isa = XCConfigurationList;
			buildConfigurations = (
				CE8EC8342518166800925741 /* Debug */,
				CE8EC8352518166800925741 /* Release */,
			);
			defaultConfigurationIsVisible = 0;
			defaultConfigurationName = Release;
		};
		CE8EC8362518166800925741 /* Build configuration list for PBXNativeTarget "JoinUITests" */ = {
			isa = XCConfigurationList;
			buildConfigurations = (
				CE8EC8372518166800925741 /* Debug */,
				CE8EC8382518166800925741 /* Release */,
			);
			defaultConfigurationIsVisible = 0;
			defaultConfigurationName = Release;
		};
/* End XCConfigurationList section */
	};
	rootObject = CE8EC7FE2518166400925741 /* Project object */;
}
